
Microsoft Visual Studio Solution File, Format Version 12.00
# Visual Studio Version 17
VisualStudioVersion = 17.0.32014.148
MinimumVisualStudioVersion = 10.0.40219.1
Project("{9A19103F-16F7-4668-BE54-9A1E7A4F7556}") = "PDSACourseWork", "PDSACourseWork\PDSACourseWork.csproj", "{24E8EB95-158C-4D0F-A780-EE7AD2F0DE18}"
EndProject
Project("{FAE04EC0-301F-11D3-BF4B-00C04F79EFBC}") = "PDSACourseWorkUnitTest", "PDSACourseWorkUnitTest\PDSACourseWorkUnitTest.csproj", "{A7FEE7DE-B47B-4751-A6BD-868BD11C268A}"
EndProject
Global
	GlobalSection(SolutionConfigurationPlatforms) = preSolution
		Debug|Any CPU = Debug|Any CPU
		Release|Any CPU = Release|Any CPU
	EndGlobalSection
	GlobalSection(ProjectConfigurationPlatforms) = postSolution
		{24E8EB95-158C-4D0F-A780-EE7AD2F0DE18}.Debug|Any CPU.ActiveCfg = Debug|Any CPU
		{24E8EB95-158C-4D0F-A780-EE7AD2F0DE18}.Debug|Any CPU.Build.0 = Debug|Any CPU
		{24E8EB95-158C-4D0F-A780-EE7AD2F0DE18}.Release|Any CPU.ActiveCfg = Release|Any CPU
		{24E8EB95-158C-4D0F-A780-EE7AD2F0DE18}.Release|Any CPU.Build.0 = Release|Any CPU
		{A7FEE7DE-B47B-4751-A6BD-868BD11C268A}.Debug|Any CPU.ActiveCfg = Debug|Any CPU
		{A7FEE7DE-B47B-4751-A6BD-868BD11C268A}.Debug|Any CPU.Build.0 = Debug|Any CPU
		{A7FEE7DE-B47B-4751-A6BD-868BD11C268A}.Release|Any CPU.ActiveCfg = Release|Any CPU
		{A7FEE7DE-B47B-4751-A6BD-868BD11C268A}.Release|Any CPU.Build.0 = Release|Any CPU
	EndGlobalSection
	GlobalSection(SolutionProperties) = preSolution
		HideSolutionNode = FALSE
	EndGlobalSection
	GlobalSection(ExtensibilityGlobals) = postSolution
		SolutionGuid = {471F44A1-ACB0-44CF-994F-CAD54C9EBEFD}
	EndGlobalSection
EndGlobal
